
Microsoft Visual Studio Solution File, Format Version 12.00
# Visual Studio Version 16
VisualStudioVersion = 16.0.30804.86
MinimumVisualStudioVersion = 10.0.40219.1
Project("{E6C563F2-BDC2-4A24-ACBF-01715157DCBB}") = "AsaDeduplicationJob", "AsaDeduplicationJob\AsaDeduplicationJob.asaproj", "{3E94D168-621C-4995-8458-73B6C609FFAC}"
EndProject
Global
	GlobalSection(SolutionConfigurationPlatforms) = preSolution
		Debug|Any CPU = Debug|Any CPU
		Release|Any CPU = Release|Any CPU
	EndGlobalSection
	GlobalSection(ProjectConfigurationPlatforms) = postSolution
		{3E94D168-621C-4995-8458-73B6C609FFAC}.Debug|Any CPU.ActiveCfg = Debug|Any CPU
		{3E94D168-621C-4995-8458-73B6C609FFAC}.Debug|Any CPU.Build.0 = Debug|Any CPU
		{3E94D168-621C-4995-8458-73B6C609FFAC}.Release|Any CPU.ActiveCfg = Release|Any CPU
		{3E94D168-621C-4995-8458-73B6C609FFAC}.Release|Any CPU.Build.0 = Release|Any CPU
	EndGlobalSection
	GlobalSection(SolutionProperties) = preSolution
		HideSolutionNode = FALSE
	EndGlobalSection
	GlobalSection(ExtensibilityGlobals) = postSolution
		SolutionGuid = {E76C7B34-19C0-4D46-B68F-82175C115353}
	EndGlobalSection
EndGlobal
